
Microsoft Visual Studio Solution File, Format Version 12.00
# Visual Studio Version 17
VisualStudioVersion = 17.8.34511.84
MinimumVisualStudioVersion = 10.0.40219.1
Project("{FAE04EC0-301F-11D3-BF4B-00C04F79EFBC}") = "FileDBImport.Worker", "FileDBImport.Worker\FileDBImport.Worker.csproj", "{809E5E12-4845-4315-9A83-CF56EB28B898}"
EndProject
Global
	GlobalSection(SolutionConfigurationPlatforms) = preSolution
		Debug|Any CPU = Debug|Any CPU
		Release|Any CPU = Release|Any CPU
	EndGlobalSection
	GlobalSection(ProjectConfigurationPlatforms) = postSolution
		{809E5E12-4845-4315-9A83-CF56EB28B898}.Debug|Any CPU.ActiveCfg = Debug|Any CPU
		{809E5E12-4845-4315-9A83-CF56EB28B898}.Debug|Any CPU.Build.0 = Debug|Any CPU
		{809E5E12-4845-4315-9A83-CF56EB28B898}.Release|Any CPU.ActiveCfg = Release|Any CPU
		{809E5E12-4845-4315-9A83-CF56EB28B898}.Release|Any CPU.Build.0 = Release|Any CPU
	EndGlobalSection
	GlobalSection(SolutionProperties) = preSolution
		HideSolutionNode = FALSE
	EndGlobalSection
	GlobalSection(ExtensibilityGlobals) = postSolution
		SolutionGuid = {2E89C370-4B94-49C6-9741-710BDE795B5B}
	EndGlobalSection
EndGlobal
